
Microsoft Visual Studio Solution File, Format Version 12.00
# Visual Studio Version 17
VisualStudioVersion = 17.8.34330.188
MinimumVisualStudioVersion = 10.0.40219.1
Project("{9A19103F-16F7-4668-BE54-9A1E7A4F7556}") = "RecipeWebApp", "src\RecipeWebApp\RecipeWebApp.csproj", "{AE88111B-1630-4F8F-B51D-9783E82ABF54}"
EndProject
Project("{FAE04EC0-301F-11D3-BF4B-00C04F79EFBC}") = "RecipeWebApp.Tests", "test\RecipeWebApp.Tests\RecipeWebApp.Tests.csproj", "{079C520B-682C-462E-BB1E-D8042FE355CF}"
EndProject
Global
	GlobalSection(SolutionConfigurationPlatforms) = preSolution
		Debug|Any CPU = Debug|Any CPU
		Release|Any CPU = Release|Any CPU
	EndGlobalSection
	GlobalSection(ProjectConfigurationPlatforms) = postSolution
		{AE88111B-1630-4F8F-B51D-9783E82ABF54}.Debug|Any CPU.ActiveCfg = Debug|Any CPU
		{AE88111B-1630-4F8F-B51D-9783E82ABF54}.Debug|Any CPU.Build.0 = Debug|Any CPU
		{AE88111B-1630-4F8F-B51D-9783E82ABF54}.Release|Any CPU.ActiveCfg = Release|Any CPU
		{AE88111B-1630-4F8F-B51D-9783E82ABF54}.Release|Any CPU.Build.0 = Release|Any CPU
		{079C520B-682C-462E-BB1E-D8042FE355CF}.Debug|Any CPU.ActiveCfg = Debug|Any CPU
		{079C520B-682C-462E-BB1E-D8042FE355CF}.Debug|Any CPU.Build.0 = Debug|Any CPU
		{079C520B-682C-462E-BB1E-D8042FE355CF}.Release|Any CPU.ActiveCfg = Release|Any CPU
		{079C520B-682C-462E-BB1E-D8042FE355CF}.Release|Any CPU.Build.0 = Release|Any CPU
	EndGlobalSection
	GlobalSection(SolutionProperties) = preSolution
		HideSolutionNode = FALSE
	EndGlobalSection
	GlobalSection(ExtensibilityGlobals) = postSolution
		SolutionGuid = {C2432F82-8E35-4231-9904-17643DAB0227}
	EndGlobalSection
EndGlobal
